# This file is automatically @generated by Cargo.
# It is not intended for manual editing.
[[package]]
name = "ansi_term"
version = "0.11.0"
source = "registry+https://github.com/rust-lang/crates.io-index"
dependencies = [
 "winapi 0.3.4 (registry+https://github.com/rust-lang/crates.io-index)",
]

[[package]]
name = "atty"
version = "0.2.8"
source = "registry+https://github.com/rust-lang/crates.io-index"
dependencies = [
 "libc 0.2.39 (registry+https://github.com/rust-lang/crates.io-index)",
 "termion 1.5.1 (registry+https://github.com/rust-lang/crates.io-index)",
 "winapi 0.3.4 (registry+https://github.com/rust-lang/crates.io-index)",
]

[[package]]
name = "base64"
version = "0.6.0"
source = "registry+https://github.com/rust-lang/crates.io-index"
dependencies = [
 "byteorder 1.2.1 (registry+https://github.com/rust-lang/crates.io-index)",
 "safemem 0.2.0 (registry+https://github.com/rust-lang/crates.io-index)",
]

[[package]]
name = "bitflags"
version = "1.0.1"
source = "registry+https://github.com/rust-lang/crates.io-index"

[[package]]
name = "byteorder"
version = "1.2.1"
source = "registry+https://github.com/rust-lang/crates.io-index"

[[package]]
name = "cargo-cacher"
version = "1.2.0"
dependencies = [
 "clap 2.31.1 (registry+https://github.com/rust-lang/crates.io-index)",
 "iron 0.6.0 (registry+https://github.com/rust-lang/crates.io-index)",
 "log 0.3.9 (registry+https://github.com/rust-lang/crates.io-index)",
 "logger 0.4.0 (registry+https://github.com/rust-lang/crates.io-index)",
 "router 0.6.0 (registry+https://github.com/rust-lang/crates.io-index)",
 "rusqlite 0.17.0 (registry+https://github.com/rust-lang/crates.io-index)",
 "scoped_threadpool 0.1.9 (registry+https://github.com/rust-lang/crates.io-index)",
 "serde 1.0.29 (registry+https://github.com/rust-lang/crates.io-index)",
 "serde_derive 1.0.29 (registry+https://github.com/rust-lang/crates.io-index)",
 "serde_json 1.0.10 (registry+https://github.com/rust-lang/crates.io-index)",
 "simple_logger 0.4.0 (registry+https://github.com/rust-lang/crates.io-index)",
 "walkdir 1.0.7 (registry+https://github.com/rust-lang/crates.io-index)",
]

[[package]]
name = "cfg-if"
version = "0.1.2"
source = "registry+https://github.com/rust-lang/crates.io-index"

[[package]]
name = "clap"
version = "2.31.1"
source = "registry+https://github.com/rust-lang/crates.io-index"
dependencies = [
 "ansi_term 0.11.0 (registry+https://github.com/rust-lang/crates.io-index)",
 "atty 0.2.8 (registry+https://github.com/rust-lang/crates.io-index)",
 "bitflags 1.0.1 (registry+https://github.com/rust-lang/crates.io-index)",
 "strsim 0.7.0 (registry+https://github.com/rust-lang/crates.io-index)",
 "textwrap 0.9.0 (registry+https://github.com/rust-lang/crates.io-index)",
 "unicode-width 0.1.4 (registry+https://github.com/rust-lang/crates.io-index)",
 "vec_map 0.8.0 (registry+https://github.com/rust-lang/crates.io-index)",
]

[[package]]
name = "dtoa"
version = "0.4.2"
source = "registry+https://github.com/rust-lang/crates.io-index"

[[package]]
name = "fallible-iterator"
version = "0.1.6"
source = "registry+https://github.com/rust-lang/crates.io-index"

[[package]]
name = "fallible-streaming-iterator"
version = "0.1.9"
source = "registry+https://github.com/rust-lang/crates.io-index"

[[package]]
name = "fuchsia-zircon"
version = "0.3.3"
source = "registry+https://github.com/rust-lang/crates.io-index"
dependencies = [
 "bitflags 1.0.1 (registry+https://github.com/rust-lang/crates.io-index)",
 "fuchsia-zircon-sys 0.3.3 (registry+https://github.com/rust-lang/crates.io-index)",
]

[[package]]
name = "fuchsia-zircon-sys"
version = "0.3.3"
source = "registry+https://github.com/rust-lang/crates.io-index"

[[package]]
name = "httparse"
version = "1.2.4"
source = "registry+https://github.com/rust-lang/crates.io-index"

[[package]]
name = "hyper"
version = "0.10.13"
source = "registry+https://github.com/rust-lang/crates.io-index"
dependencies = [
 "base64 0.6.0 (registry+https://github.com/rust-lang/crates.io-index)",
 "httparse 1.2.4 (registry+https://github.com/rust-lang/crates.io-index)",
 "language-tags 0.2.2 (registry+https://github.com/rust-lang/crates.io-index)",
 "log 0.3.9 (registry+https://github.com/rust-lang/crates.io-index)",
 "mime 0.2.6 (registry+https://github.com/rust-lang/crates.io-index)",
 "num_cpus 1.8.0 (registry+https://github.com/rust-lang/crates.io-index)",
 "time 0.1.39 (registry+https://github.com/rust-lang/crates.io-index)",
 "traitobject 0.1.0 (registry+https://github.com/rust-lang/crates.io-index)",
 "typeable 0.1.2 (registry+https://github.com/rust-lang/crates.io-index)",
 "unicase 1.4.2 (registry+https://github.com/rust-lang/crates.io-index)",
 "url 1.7.0 (registry+https://github.com/rust-lang/crates.io-index)",
]

[[package]]
name = "idna"
version = "0.1.4"
source = "registry+https://github.com/rust-lang/crates.io-index"
dependencies = [
 "matches 0.1.6 (registry+https://github.com/rust-lang/crates.io-index)",
 "unicode-bidi 0.3.4 (registry+https://github.com/rust-lang/crates.io-index)",
 "unicode-normalization 0.1.5 (registry+https://github.com/rust-lang/crates.io-index)",
]

[[package]]
name = "iron"
version = "0.6.0"
source = "registry+https://github.com/rust-lang/crates.io-index"
dependencies = [
 "hyper 0.10.13 (registry+https://github.com/rust-lang/crates.io-index)",
 "log 0.3.9 (registry+https://github.com/rust-lang/crates.io-index)",
 "mime_guess 1.8.4 (registry+https://github.com/rust-lang/crates.io-index)",
 "modifier 0.1.0 (registry+https://github.com/rust-lang/crates.io-index)",
 "num_cpus 1.8.0 (registry+https://github.com/rust-lang/crates.io-index)",
 "plugin 0.2.6 (registry+https://github.com/rust-lang/crates.io-index)",
 "typemap 0.3.3 (registry+https://github.com/rust-lang/crates.io-index)",
 "url 1.7.0 (registry+https://github.com/rust-lang/crates.io-index)",
]

[[package]]
name = "itoa"
version = "0.3.4"
source = "registry+https://github.com/rust-lang/crates.io-index"

[[package]]
name = "kernel32-sys"
version = "0.2.2"
source = "registry+https://github.com/rust-lang/crates.io-index"
dependencies = [
 "winapi 0.2.8 (registry+https://github.com/rust-lang/crates.io-index)",
 "winapi-build 0.1.1 (registry+https://github.com/rust-lang/crates.io-index)",
]

[[package]]
name = "language-tags"
version = "0.2.2"
source = "registry+https://github.com/rust-lang/crates.io-index"

[[package]]
name = "libc"
version = "0.2.39"
source = "registry+https://github.com/rust-lang/crates.io-index"

[[package]]
name = "libsqlite3-sys"
version = "0.13.0"
source = "registry+https://github.com/rust-lang/crates.io-index"
dependencies = [
 "pkg-config 0.3.9 (registry+https://github.com/rust-lang/crates.io-index)",
 "vcpkg 0.2.2 (registry+https://github.com/rust-lang/crates.io-index)",
]

[[package]]
name = "linked-hash-map"
version = "0.4.2"
source = "registry+https://github.com/rust-lang/crates.io-index"

[[package]]
name = "log"
version = "0.3.9"
source = "registry+https://github.com/rust-lang/crates.io-index"
dependencies = [
 "log 0.4.1 (registry+https://github.com/rust-lang/crates.io-index)",
]

[[package]]
name = "log"
version = "0.4.1"
source = "registry+https://github.com/rust-lang/crates.io-index"
dependencies = [
 "cfg-if 0.1.2 (registry+https://github.com/rust-lang/crates.io-index)",
]

[[package]]
name = "logger"
version = "0.4.0"
source = "registry+https://github.com/rust-lang/crates.io-index"
dependencies = [
 "iron 0.6.0 (registry+https://github.com/rust-lang/crates.io-index)",
 "log 0.3.9 (registry+https://github.com/rust-lang/crates.io-index)",
 "time 0.1.39 (registry+https://github.com/rust-lang/crates.io-index)",
]

[[package]]
name = "lru-cache"
version = "0.1.1"
source = "registry+https://github.com/rust-lang/crates.io-index"
dependencies = [
 "linked-hash-map 0.4.2 (registry+https://github.com/rust-lang/crates.io-index)",
]

[[package]]
name = "matches"
version = "0.1.6"
source = "registry+https://github.com/rust-lang/crates.io-index"

[[package]]
name = "memchr"
version = "2.2.0"
source = "registry+https://github.com/rust-lang/crates.io-index"

[[package]]
name = "mime"
version = "0.2.6"
source = "registry+https://github.com/rust-lang/crates.io-index"
dependencies = [
 "log 0.3.9 (registry+https://github.com/rust-lang/crates.io-index)",
]

[[package]]
name = "mime_guess"
version = "1.8.4"
source = "registry+https://github.com/rust-lang/crates.io-index"
dependencies = [
 "mime 0.2.6 (registry+https://github.com/rust-lang/crates.io-index)",
 "phf 0.7.21 (registry+https://github.com/rust-lang/crates.io-index)",
 "phf_codegen 0.7.21 (registry+https://github.com/rust-lang/crates.io-index)",
 "unicase 1.4.2 (registry+https://github.com/rust-lang/crates.io-index)",
]

[[package]]
name = "modifier"
version = "0.1.0"
source = "registry+https://github.com/rust-lang/crates.io-index"

[[package]]
name = "num-traits"
version = "0.2.1"
source = "registry+https://github.com/rust-lang/crates.io-index"

[[package]]
name = "num_cpus"
version = "1.8.0"
source = "registry+https://github.com/rust-lang/crates.io-index"
dependencies = [
 "libc 0.2.39 (registry+https://github.com/rust-lang/crates.io-index)",
]

[[package]]
name = "percent-encoding"
version = "1.0.1"
source = "registry+https://github.com/rust-lang/crates.io-index"

[[package]]
name = "phf"
version = "0.7.21"
source = "registry+https://github.com/rust-lang/crates.io-index"
dependencies = [
 "phf_shared 0.7.21 (registry+https://github.com/rust-lang/crates.io-index)",
]

[[package]]
name = "phf_codegen"
version = "0.7.21"
source = "registry+https://github.com/rust-lang/crates.io-index"
dependencies = [
 "phf_generator 0.7.21 (registry+https://github.com/rust-lang/crates.io-index)",
 "phf_shared 0.7.21 (registry+https://github.com/rust-lang/crates.io-index)",
]

[[package]]
name = "phf_generator"
version = "0.7.21"
source = "registry+https://github.com/rust-lang/crates.io-index"
dependencies = [
 "phf_shared 0.7.21 (registry+https://github.com/rust-lang/crates.io-index)",
 "rand 0.3.22 (registry+https://github.com/rust-lang/crates.io-index)",
]

[[package]]
name = "phf_shared"
version = "0.7.21"
source = "registry+https://github.com/rust-lang/crates.io-index"
dependencies = [
 "siphasher 0.2.2 (registry+https://github.com/rust-lang/crates.io-index)",
 "unicase 1.4.2 (registry+https://github.com/rust-lang/crates.io-index)",
]

[[package]]
name = "pkg-config"
version = "0.3.9"
source = "registry+https://github.com/rust-lang/crates.io-index"

[[package]]
name = "plugin"
version = "0.2.6"
source = "registry+https://github.com/rust-lang/crates.io-index"
dependencies = [
 "typemap 0.3.3 (registry+https://github.com/rust-lang/crates.io-index)",
]

[[package]]
name = "proc-macro2"
version = "0.2.3"
source = "registry+https://github.com/rust-lang/crates.io-index"
dependencies = [
 "unicode-xid 0.1.0 (registry+https://github.com/rust-lang/crates.io-index)",
]

[[package]]
name = "quote"
version = "0.4.2"
source = "registry+https://github.com/rust-lang/crates.io-index"
dependencies = [
 "proc-macro2 0.2.3 (registry+https://github.com/rust-lang/crates.io-index)",
]

[[package]]
name = "rand"
version = "0.3.22"
source = "registry+https://github.com/rust-lang/crates.io-index"
dependencies = [
 "fuchsia-zircon 0.3.3 (registry+https://github.com/rust-lang/crates.io-index)",
 "libc 0.2.39 (registry+https://github.com/rust-lang/crates.io-index)",
 "rand 0.4.2 (registry+https://github.com/rust-lang/crates.io-index)",
]

[[package]]
name = "rand"
version = "0.4.2"
source = "registry+https://github.com/rust-lang/crates.io-index"
dependencies = [
 "fuchsia-zircon 0.3.3 (registry+https://github.com/rust-lang/crates.io-index)",
 "libc 0.2.39 (registry+https://github.com/rust-lang/crates.io-index)",
 "winapi 0.3.4 (registry+https://github.com/rust-lang/crates.io-index)",
]

[[package]]
name = "redox_syscall"
version = "0.1.37"
source = "registry+https://github.com/rust-lang/crates.io-index"

[[package]]
name = "redox_termios"
version = "0.1.1"
source = "registry+https://github.com/rust-lang/crates.io-index"
dependencies = [
 "redox_syscall 0.1.37 (registry+https://github.com/rust-lang/crates.io-index)",
]

[[package]]
name = "route-recognizer"
version = "0.1.12"
source = "registry+https://github.com/rust-lang/crates.io-index"

[[package]]
name = "router"
version = "0.6.0"
source = "registry+https://github.com/rust-lang/crates.io-index"
dependencies = [
 "iron 0.6.0 (registry+https://github.com/rust-lang/crates.io-index)",
 "route-recognizer 0.1.12 (registry+https://github.com/rust-lang/crates.io-index)",
 "url 1.7.0 (registry+https://github.com/rust-lang/crates.io-index)",
]

[[package]]
name = "rusqlite"
version = "0.17.0"
source = "registry+https://github.com/rust-lang/crates.io-index"
dependencies = [
 "bitflags 1.0.1 (registry+https://github.com/rust-lang/crates.io-index)",
 "fallible-iterator 0.1.6 (registry+https://github.com/rust-lang/crates.io-index)",
 "fallible-streaming-iterator 0.1.9 (registry+https://github.com/rust-lang/crates.io-index)",
 "libsqlite3-sys 0.13.0 (registry+https://github.com/rust-lang/crates.io-index)",
 "lru-cache 0.1.1 (registry+https://github.com/rust-lang/crates.io-index)",
 "memchr 2.2.0 (registry+https://github.com/rust-lang/crates.io-index)",
 "time 0.1.39 (registry+https://github.com/rust-lang/crates.io-index)",
]

[[package]]
name = "safemem"
version = "0.2.0"
source = "registry+https://github.com/rust-lang/crates.io-index"

[[package]]
name = "same-file"
version = "0.1.3"
source = "registry+https://github.com/rust-lang/crates.io-index"
dependencies = [
 "kernel32-sys 0.2.2 (registry+https://github.com/rust-lang/crates.io-index)",
 "winapi 0.2.8 (registry+https://github.com/rust-lang/crates.io-index)",
]

[[package]]
name = "scoped_threadpool"
version = "0.1.9"
source = "registry+https://github.com/rust-lang/crates.io-index"

[[package]]
name = "serde"
version = "1.0.29"
source = "registry+https://github.com/rust-lang/crates.io-index"

[[package]]
name = "serde_derive"
version = "1.0.29"
source = "registry+https://github.com/rust-lang/crates.io-index"
dependencies = [
 "proc-macro2 0.2.3 (registry+https://github.com/rust-lang/crates.io-index)",
 "quote 0.4.2 (registry+https://github.com/rust-lang/crates.io-index)",
 "serde_derive_internals 0.20.0 (registry+https://github.com/rust-lang/crates.io-index)",
 "syn 0.12.13 (registry+https://github.com/rust-lang/crates.io-index)",
]

[[package]]
name = "serde_derive_internals"
version = "0.20.0"
source = "registry+https://github.com/rust-lang/crates.io-index"
dependencies = [
 "proc-macro2 0.2.3 (registry+https://github.com/rust-lang/crates.io-index)",
 "syn 0.12.13 (registry+https://github.com/rust-lang/crates.io-index)",
]

[[package]]
name = "serde_json"
version = "1.0.10"
source = "registry+https://github.com/rust-lang/crates.io-index"
dependencies = [
 "dtoa 0.4.2 (registry+https://github.com/rust-lang/crates.io-index)",
 "itoa 0.3.4 (registry+https://github.com/rust-lang/crates.io-index)",
 "num-traits 0.2.1 (registry+https://github.com/rust-lang/crates.io-index)",
 "serde 1.0.29 (registry+https://github.com/rust-lang/crates.io-index)",
]

[[package]]
name = "simple_logger"
version = "0.4.0"
source = "registry+https://github.com/rust-lang/crates.io-index"
dependencies = [
 "log 0.3.9 (registry+https://github.com/rust-lang/crates.io-index)",
 "time 0.1.39 (registry+https://github.com/rust-lang/crates.io-index)",
]

[[package]]
name = "siphasher"
version = "0.2.2"
source = "registry+https://github.com/rust-lang/crates.io-index"

[[package]]
name = "strsim"
version = "0.7.0"
source = "registry+https://github.com/rust-lang/crates.io-index"

[[package]]
name = "syn"
version = "0.12.13"
source = "registry+https://github.com/rust-lang/crates.io-index"
dependencies = [
 "proc-macro2 0.2.3 (registry+https://github.com/rust-lang/crates.io-index)",
 "quote 0.4.2 (registry+https://github.com/rust-lang/crates.io-index)",
 "unicode-xid 0.1.0 (registry+https://github.com/rust-lang/crates.io-index)",
]

[[package]]
name = "termion"
version = "1.5.1"
source = "registry+https://github.com/rust-lang/crates.io-index"
dependencies = [
 "libc 0.2.39 (registry+https://github.com/rust-lang/crates.io-index)",
 "redox_syscall 0.1.37 (registry+https://github.com/rust-lang/crates.io-index)",
 "redox_termios 0.1.1 (registry+https://github.com/rust-lang/crates.io-index)",
]

[[package]]
name = "textwrap"
version = "0.9.0"
source = "registry+https://github.com/rust-lang/crates.io-index"
dependencies = [
 "unicode-width 0.1.4 (registry+https://github.com/rust-lang/crates.io-index)",
]

[[package]]
name = "time"
version = "0.1.39"
source = "registry+https://github.com/rust-lang/crates.io-index"
dependencies = [
 "libc 0.2.39 (registry+https://github.com/rust-lang/crates.io-index)",
 "redox_syscall 0.1.37 (registry+https://github.com/rust-lang/crates.io-index)",
 "winapi 0.3.4 (registry+https://github.com/rust-lang/crates.io-index)",
]

[[package]]
name = "traitobject"
version = "0.1.0"
source = "registry+https://github.com/rust-lang/crates.io-index"

[[package]]
name = "typeable"
version = "0.1.2"
source = "registry+https://github.com/rust-lang/crates.io-index"

[[package]]
name = "typemap"
version = "0.3.3"
source = "registry+https://github.com/rust-lang/crates.io-index"
dependencies = [
 "unsafe-any 0.4.2 (registry+https://github.com/rust-lang/crates.io-index)",
]

[[package]]
name = "unicase"
version = "1.4.2"
source = "registry+https://github.com/rust-lang/crates.io-index"
dependencies = [
 "version_check 0.1.3 (registry+https://github.com/rust-lang/crates.io-index)",
]

[[package]]
name = "unicode-bidi"
version = "0.3.4"
source = "registry+https://github.com/rust-lang/crates.io-index"
dependencies = [
 "matches 0.1.6 (registry+https://github.com/rust-lang/crates.io-index)",
]

[[package]]
name = "unicode-normalization"
version = "0.1.5"
source = "registry+https://github.com/rust-lang/crates.io-index"

[[package]]
name = "unicode-width"
version = "0.1.4"
source = "registry+https://github.com/rust-lang/crates.io-index"

[[package]]
name = "unicode-xid"
version = "0.1.0"
source = "registry+https://github.com/rust-lang/crates.io-index"

[[package]]
name = "unsafe-any"
version = "0.4.2"
source = "registry+https://github.com/rust-lang/crates.io-index"
dependencies = [
 "traitobject 0.1.0 (registry+https://github.com/rust-lang/crates.io-index)",
]

[[package]]
name = "url"
version = "1.7.0"
source = "registry+https://github.com/rust-lang/crates.io-index"
dependencies = [
 "idna 0.1.4 (registry+https://github.com/rust-lang/crates.io-index)",
 "matches 0.1.6 (registry+https://github.com/rust-lang/crates.io-index)",
 "percent-encoding 1.0.1 (registry+https://github.com/rust-lang/crates.io-index)",
]

[[package]]
name = "vcpkg"
version = "0.2.2"
source = "registry+https://github.com/rust-lang/crates.io-index"

[[package]]
name = "vec_map"
version = "0.8.0"
source = "registry+https://github.com/rust-lang/crates.io-index"

[[package]]
name = "version_check"
version = "0.1.3"
source = "registry+https://github.com/rust-lang/crates.io-index"

[[package]]
name = "walkdir"
version = "1.0.7"
source = "registry+https://github.com/rust-lang/crates.io-index"
dependencies = [
 "kernel32-sys 0.2.2 (registry+https://github.com/rust-lang/crates.io-index)",
 "same-file 0.1.3 (registry+https://github.com/rust-lang/crates.io-index)",
 "winapi 0.2.8 (registry+https://github.com/rust-lang/crates.io-index)",
]

[[package]]
name = "winapi"
version = "0.2.8"
source = "registry+https://github.com/rust-lang/crates.io-index"

[[package]]
name = "winapi"
version = "0.3.4"
source = "registry+https://github.com/rust-lang/crates.io-index"
dependencies = [
 "winapi-i686-pc-windows-gnu 0.4.0 (registry+https://github.com/rust-lang/crates.io-index)",
 "winapi-x86_64-pc-windows-gnu 0.4.0 (registry+https://github.com/rust-lang/crates.io-index)",
]

[[package]]
name = "winapi-build"
version = "0.1.1"
source = "registry+https://github.com/rust-lang/crates.io-index"

[[package]]
name = "winapi-i686-pc-windows-gnu"
version = "0.4.0"
source = "registry+https://github.com/rust-lang/crates.io-index"

[[package]]
name = "winapi-x86_64-pc-windows-gnu"
version = "0.4.0"
source = "registry+https://github.com/rust-lang/crates.io-index"

[metadata]
"checksum ansi_term 0.11.0 (registry+https://github.com/rust-lang/crates.io-index)" = "ee49baf6cb617b853aa8d93bf420db2383fab46d314482ca2803b40d5fde979b"
"checksum atty 0.2.8 (registry+https://github.com/rust-lang/crates.io-index)" = "af80143d6f7608d746df1520709e5d141c96f240b0e62b0aa41bdfb53374d9d4"
"checksum base64 0.6.0 (registry+https://github.com/rust-lang/crates.io-index)" = "96434f987501f0ed4eb336a411e0631ecd1afa11574fe148587adc4ff96143c9"
"checksum bitflags 1.0.1 (registry+https://github.com/rust-lang/crates.io-index)" = "b3c30d3802dfb7281680d6285f2ccdaa8c2d8fee41f93805dba5c4cf50dc23cf"
"checksum byteorder 1.2.1 (registry+https://github.com/rust-lang/crates.io-index)" = "652805b7e73fada9d85e9a6682a4abd490cb52d96aeecc12e33a0de34dfd0d23"
"checksum cfg-if 0.1.2 (registry+https://github.com/rust-lang/crates.io-index)" = "d4c819a1287eb618df47cc647173c5c4c66ba19d888a6e50d605672aed3140de"
"checksum clap 2.31.1 (registry+https://github.com/rust-lang/crates.io-index)" = "5dc18f6f4005132120d9711636b32c46a233fad94df6217fa1d81c5e97a9f200"
"checksum dtoa 0.4.2 (registry+https://github.com/rust-lang/crates.io-index)" = "09c3753c3db574d215cba4ea76018483895d7bff25a31b49ba45db21c48e50ab"
"checksum fallible-iterator 0.1.6 (registry+https://github.com/rust-lang/crates.io-index)" = "eb7217124812dc5672b7476d0c2d20cfe9f7c0f1ba0904b674a9762a0212f72e"
"checksum fallible-streaming-iterator 0.1.9 (registry+https://github.com/rust-lang/crates.io-index)" = "7360491ce676a36bf9bb3c56c1aa791658183a54d2744120f27285738d90465a"
"checksum fuchsia-zircon 0.3.3 (registry+https://github.com/rust-lang/crates.io-index)" = "2e9763c69ebaae630ba35f74888db465e49e259ba1bc0eda7d06f4a067615d82"
"checksum fuchsia-zircon-sys 0.3.3 (registry+https://github.com/rust-lang/crates.io-index)" = "3dcaa9ae7725d12cdb85b3ad99a434db70b468c09ded17e012d86b5c1010f7a7"
"checksum httparse 1.2.4 (registry+https://github.com/rust-lang/crates.io-index)" = "c2f407128745b78abc95c0ffbe4e5d37427fdc0d45470710cfef8c44522a2e37"
"checksum hyper 0.10.13 (registry+https://github.com/rust-lang/crates.io-index)" = "368cb56b2740ebf4230520e2b90ebb0461e69034d85d1945febd9b3971426db2"
"checksum idna 0.1.4 (registry+https://github.com/rust-lang/crates.io-index)" = "014b298351066f1512874135335d62a789ffe78a9974f94b43ed5621951eaf7d"
"checksum iron 0.6.0 (registry+https://github.com/rust-lang/crates.io-index)" = "1d8e17268922834707e1c29e8badbf9c712c9c43378e1b6a3388946baff10be2"
"checksum itoa 0.3.4 (registry+https://github.com/rust-lang/crates.io-index)" = "8324a32baf01e2ae060e9de58ed0bc2320c9a2833491ee36cd3b4c414de4db8c"
"checksum kernel32-sys 0.2.2 (registry+https://github.com/rust-lang/crates.io-index)" = "7507624b29483431c0ba2d82aece8ca6cdba9382bff4ddd0f7490560c056098d"
"checksum language-tags 0.2.2 (registry+https://github.com/rust-lang/crates.io-index)" = "a91d884b6667cd606bb5a69aa0c99ba811a115fc68915e7056ec08a46e93199a"
"checksum libc 0.2.39 (registry+https://github.com/rust-lang/crates.io-index)" = "f54263ad99207254cf58b5f701ecb432c717445ea2ee8af387334bdd1a03fdff"
"checksum libsqlite3-sys 0.13.0 (registry+https://github.com/rust-lang/crates.io-index)" = "44c0ae64aa0fc0c81fc1ddc9eae833e617e900677f83a72907b5535f08913d99"
"checksum linked-hash-map 0.4.2 (registry+https://github.com/rust-lang/crates.io-index)" = "7860ec297f7008ff7a1e3382d7f7e1dcd69efc94751a2284bafc3d013c2aa939"
"checksum log 0.3.9 (registry+https://github.com/rust-lang/crates.io-index)" = "e19e8d5c34a3e0e2223db8e060f9e8264aeeb5c5fc64a4ee9965c062211c024b"
"checksum log 0.4.1 (registry+https://github.com/rust-lang/crates.io-index)" = "89f010e843f2b1a31dbd316b3b8d443758bc634bed37aabade59c686d644e0a2"
"checksum logger 0.4.0 (registry+https://github.com/rust-lang/crates.io-index)" = "6c9172cb4c2f6c52117e25570983edcbb322f130b1031ae5d5d6b1abe7eeb493"
"checksum lru-cache 0.1.1 (registry+https://github.com/rust-lang/crates.io-index)" = "4d06ff7ff06f729ce5f4e227876cb88d10bc59cd4ae1e09fbb2bde15c850dc21"
"checksum matches 0.1.6 (registry+https://github.com/rust-lang/crates.io-index)" = "100aabe6b8ff4e4a7e32c1c13523379802df0772b82466207ac25b013f193376"
"checksum memchr 2.2.0 (registry+https://github.com/rust-lang/crates.io-index)" = "2efc7bc57c883d4a4d6e3246905283d8dae951bb3bd32f49d6ef297f546e1c39"
"checksum mime 0.2.6 (registry+https://github.com/rust-lang/crates.io-index)" = "ba626b8a6de5da682e1caa06bdb42a335aee5a84db8e5046a3e8ab17ba0a3ae0"
"checksum mime_guess 1.8.4 (registry+https://github.com/rust-lang/crates.io-index)" = "b7e2b09d08313f84e0fb82d13a4d859109a17543fe9af3b6d941dc1431f7de79"
"checksum modifier 0.1.0 (registry+https://github.com/rust-lang/crates.io-index)" = "41f5c9112cb662acd3b204077e0de5bc66305fa8df65c8019d5adb10e9ab6e58"
"checksum num-traits 0.2.1 (registry+https://github.com/rust-lang/crates.io-index)" = "0b3c2bd9b9d21e48e956b763c9f37134dc62d9e95da6edb3f672cacb6caf3cd3"
"checksum num_cpus 1.8.0 (registry+https://github.com/rust-lang/crates.io-index)" = "c51a3322e4bca9d212ad9a158a02abc6934d005490c054a2778df73a70aa0a30"
"checksum percent-encoding 1.0.1 (registry+https://github.com/rust-lang/crates.io-index)" = "31010dd2e1ac33d5b46a5b413495239882813e0369f8ed8a5e266f173602f831"
"checksum phf 0.7.21 (registry+https://github.com/rust-lang/crates.io-index)" = "cb325642290f28ee14d8c6201159949a872f220c62af6e110a56ea914fbe42fc"
"checksum phf_codegen 0.7.21 (registry+https://github.com/rust-lang/crates.io-index)" = "d62594c0bb54c464f633175d502038177e90309daf2e0158be42ed5f023ce88f"
"checksum phf_generator 0.7.21 (registry+https://github.com/rust-lang/crates.io-index)" = "6b07ffcc532ccc85e3afc45865469bf5d9e4ef5bfcf9622e3cfe80c2d275ec03"
"checksum phf_shared 0.7.21 (registry+https://github.com/rust-lang/crates.io-index)" = "07e24b0ca9643bdecd0632f2b3da6b1b89bbb0030e0b992afc1113b23a7bc2f2"
"checksum pkg-config 0.3.9 (registry+https://github.com/rust-lang/crates.io-index)" = "3a8b4c6b8165cd1a1cd4b9b120978131389f64bdaf456435caa41e630edba903"
"checksum plugin 0.2.6 (registry+https://github.com/rust-lang/crates.io-index)" = "1a6a0dc3910bc8db877ffed8e457763b317cf880df4ae19109b9f77d277cf6e0"
"checksum proc-macro2 0.2.3 (registry+https://github.com/rust-lang/crates.io-index)" = "cd07deb3c6d1d9ff827999c7f9b04cdfd66b1b17ae508e14fe47b620f2282ae0"
"checksum quote 0.4.2 (registry+https://github.com/rust-lang/crates.io-index)" = "1eca14c727ad12702eb4b6bfb5a232287dcf8385cb8ca83a3eeaf6519c44c408"
"checksum rand 0.3.22 (registry+https://github.com/rust-lang/crates.io-index)" = "15a732abf9d20f0ad8eeb6f909bf6868722d9a06e1e50802b6a70351f40b4eb1"
"checksum rand 0.4.2 (registry+https://github.com/rust-lang/crates.io-index)" = "eba5f8cb59cc50ed56be8880a5c7b496bfd9bd26394e176bc67884094145c2c5"
"checksum redox_syscall 0.1.37 (registry+https://github.com/rust-lang/crates.io-index)" = "0d92eecebad22b767915e4d529f89f28ee96dbbf5a4810d2b844373f136417fd"
"checksum redox_termios 0.1.1 (registry+https://github.com/rust-lang/crates.io-index)" = "7e891cfe48e9100a70a3b6eb652fef28920c117d366339687bd5576160db0f76"
"checksum route-recognizer 0.1.12 (registry+https://github.com/rust-lang/crates.io-index)" = "cf3255338088df8146ba63d60a9b8e3556f1146ce2973bc05a75181a42ce2256"
"checksum router 0.6.0 (registry+https://github.com/rust-lang/crates.io-index)" = "dc63b6f3b8895b0d04e816b2b1aa58fdba2d5acca3cbb8f0ab8e017347d57397"
"checksum rusqlite 0.17.0 (registry+https://github.com/rust-lang/crates.io-index)" = "f8ef7411f02f83d4ce1b9c6c043013ed141f01aa1a77c665fb6d72042a3705cf"
"checksum safemem 0.2.0 (registry+https://github.com/rust-lang/crates.io-index)" = "e27a8b19b835f7aea908818e871f5cc3a5a186550c30773be987e155e8163d8f"
"checksum same-file 0.1.3 (registry+https://github.com/rust-lang/crates.io-index)" = "d931a44fdaa43b8637009e7632a02adc4f2b2e0733c08caa4cf00e8da4a117a7"
"checksum scoped_threadpool 0.1.9 (registry+https://github.com/rust-lang/crates.io-index)" = "1d51f5df5af43ab3f1360b429fa5e0152ac5ce8c0bd6485cae490332e96846a8"
"checksum serde 1.0.29 (registry+https://github.com/rust-lang/crates.io-index)" = "4763b773978e495252615e814d2ad04773b2c1f85421c7913869a537f35cb406"
"checksum serde_derive 1.0.29 (registry+https://github.com/rust-lang/crates.io-index)" = "8ab31f00ae5574bb643c196d5e302961c122da1c768604c6d16a35c5d551948a"
"checksum serde_derive_internals 0.20.0 (registry+https://github.com/rust-lang/crates.io-index)" = "1fc848d073be32cd982380c06587ea1d433bc1a4c4a111de07ec2286a3ddade8"
"checksum serde_json 1.0.10 (registry+https://github.com/rust-lang/crates.io-index)" = "57781ed845b8e742fc2bf306aba8e3b408fe8c366b900e3769fbc39f49eb8b39"
"checksum simple_logger 0.4.0 (registry+https://github.com/rust-lang/crates.io-index)" = "d5a3b341928cec79e536fe62b75bfe2e35891a5e65801ebfbd2741dddf7d7fac"
"checksum siphasher 0.2.2 (registry+https://github.com/rust-lang/crates.io-index)" = "0df90a788073e8d0235a67e50441d47db7c8ad9debd91cbf43736a2a92d36537"
"checksum strsim 0.7.0 (registry+https://github.com/rust-lang/crates.io-index)" = "bb4f380125926a99e52bc279241539c018323fab05ad6368b56f93d9369ff550"
"checksum syn 0.12.13 (registry+https://github.com/rust-lang/crates.io-index)" = "517f6da31bc53bf080b9a77b29fbd0ff8da2f5a2ebd24c73c2238274a94ac7cb"
"checksum termion 1.5.1 (registry+https://github.com/rust-lang/crates.io-index)" = "689a3bdfaab439fd92bc87df5c4c78417d3cbe537487274e9b0b2dce76e92096"
"checksum textwrap 0.9.0 (registry+https://github.com/rust-lang/crates.io-index)" = "c0b59b6b4b44d867f1370ef1bd91bfb262bf07bf0ae65c202ea2fbc16153b693"
"checksum time 0.1.39 (registry+https://github.com/rust-lang/crates.io-index)" = "a15375f1df02096fb3317256ce2cee6a1f42fc84ea5ad5fc8c421cfe40c73098"
"checksum traitobject 0.1.0 (registry+https://github.com/rust-lang/crates.io-index)" = "efd1f82c56340fdf16f2a953d7bda4f8fdffba13d93b00844c25572110b26079"
"checksum typeable 0.1.2 (registry+https://github.com/rust-lang/crates.io-index)" = "1410f6f91f21d1612654e7cc69193b0334f909dcf2c790c4826254fbb86f8887"
"checksum typemap 0.3.3 (registry+https://github.com/rust-lang/crates.io-index)" = "653be63c80a3296da5551e1bfd2cca35227e13cdd08c6668903ae2f4f77aa1f6"
"checksum unicase 1.4.2 (registry+https://github.com/rust-lang/crates.io-index)" = "7f4765f83163b74f957c797ad9253caf97f103fb064d3999aea9568d09fc8a33"
"checksum unicode-bidi 0.3.4 (registry+https://github.com/rust-lang/crates.io-index)" = "49f2bd0c6468a8230e1db229cff8029217cf623c767ea5d60bfbd42729ea54d5"
"checksum unicode-normalization 0.1.5 (registry+https://github.com/rust-lang/crates.io-index)" = "51ccda9ef9efa3f7ef5d91e8f9b83bbe6955f9bf86aec89d5cce2c874625920f"
"checksum unicode-width 0.1.4 (registry+https://github.com/rust-lang/crates.io-index)" = "bf3a113775714a22dcb774d8ea3655c53a32debae63a063acc00a91cc586245f"
"checksum unicode-xid 0.1.0 (registry+https://github.com/rust-lang/crates.io-index)" = "fc72304796d0818e357ead4e000d19c9c174ab23dc11093ac919054d20a6a7fc"
"checksum unsafe-any 0.4.2 (registry+https://github.com/rust-lang/crates.io-index)" = "f30360d7979f5e9c6e6cea48af192ea8fab4afb3cf72597154b8f08935bc9c7f"
"checksum url 1.7.0 (registry+https://github.com/rust-lang/crates.io-index)" = "f808aadd8cfec6ef90e4a14eb46f24511824d1ac596b9682703c87056c8678b7"
"checksum vcpkg 0.2.2 (registry+https://github.com/rust-lang/crates.io-index)" = "9e0a7d8bed3178a8fb112199d466eeca9ed09a14ba8ad67718179b4fd5487d0b"
"checksum vec_map 0.8.0 (registry+https://github.com/rust-lang/crates.io-index)" = "887b5b631c2ad01628bbbaa7dd4c869f80d3186688f8d0b6f58774fbe324988c"
"checksum version_check 0.1.3 (registry+https://github.com/rust-lang/crates.io-index)" = "6b772017e347561807c1aa192438c5fd74242a670a6cffacc40f2defd1dc069d"
"checksum walkdir 1.0.7 (registry+https://github.com/rust-lang/crates.io-index)" = "bb08f9e670fab86099470b97cd2b252d6527f0b3cc1401acdb595ffc9dd288ff"
"checksum winapi 0.2.8 (registry+https://github.com/rust-lang/crates.io-index)" = "167dc9d6949a9b857f3451275e911c3f44255842c1f7a76f33c55103a909087a"
"checksum winapi 0.3.4 (registry+https://github.com/rust-lang/crates.io-index)" = "04e3bd221fcbe8a271359c04f21a76db7d0c6028862d1bb5512d85e1e2eb5bb3"
"checksum winapi-build 0.1.1 (registry+https://github.com/rust-lang/crates.io-index)" = "2d315eee3b34aca4797b2da6b13ed88266e6d612562a0c46390af8299fc699bc"
"checksum winapi-i686-pc-windows-gnu 0.4.0 (registry+https://github.com/rust-lang/crates.io-index)" = "ac3b87c63620426dd9b991e5ce0329eff545bccbbb34f3be09ff6fb6ab51b7b6"
"checksum winapi-x86_64-pc-windows-gnu 0.4.0 (registry+https://github.com/rust-lang/crates.io-index)" = "712e227841d057c1ee1cd2fb22fa7e5a5461ae8e48fa2ca79ec42cfc1931183f"
